
Microsoft Visual Studio Solution File, Format Version 12.00
# Visual Studio Version 17
VisualStudioVersion = 17.14.37411.7 d17.14
MinimumVisualStudioVersion = 10.0.40219.1
Project("{FAE04EC0-301F-11D3-BF4B-00C04F79EFBC}") = "Lab01_InterfataErgonomica", "Lab01_InterfataErgonomica\Lab01_InterfataErgonomica.csproj", "{9AE234C4-17F6-49D1-882C-099DEFE589E7}"
EndProject
Global
	GlobalSection(SolutionConfigurationPlatforms) = preSolution
		Debug|Any CPU = Debug|Any CPU
		Release|Any CPU = Release|Any CPU
	EndGlobalSection
	GlobalSection(ProjectConfigurationPlatforms) = postSolution
		{9AE234C4-17F6-49D1-882C-099DEFE589E7}.Debug|Any CPU.ActiveCfg = Debug|Any CPU
		{9AE234C4-17F6-49D1-882C-099DEFE589E7}.Debug|Any CPU.Build.0 = Debug|Any CPU
		{9AE234C4-17F6-49D1-882C-099DEFE589E7}.Release|Any CPU.ActiveCfg = Release|Any CPU
		{9AE234C4-17F6-49D1-882C-099DEFE589E7}.Release|Any CPU.Build.0 = Release|Any CPU
	EndGlobalSection
	GlobalSection(SolutionProperties) = preSolution
		HideSolutionNode = FALSE
	EndGlobalSection
	GlobalSection(ExtensibilityGlobals) = postSolution
		SolutionGuid = {8E7B5485-BA28-468C-B89D-004A5580F639}
	EndGlobalSection
EndGlobal
